[root]
name = "docli"
version = "0.1.0"
dependencies = [
 "clap 0.8.5 (registry+https://github.com/rust-lang/crates.io-index)",
]

[[package]]
name = "clap"
version = "0.8.5"
source = "registry+https://github.com/rust-lang/crates.io-index"
dependencies = [
 "strsim 0.3.0 (registry+https://github.com/rust-lang/crates.io-index)",
]

[[package]]
name = "strsim"
version = "0.3.0"
source = "registry+https://github.com/rust-lang/crates.io-index"

